
Microsoft Visual Studio Solution File, Format Version 12.00
# Visual Studio 15
VisualStudioVersion = 15.0.27428.2015
MinimumVisualStudioVersion = 10.0.40219.1
Project("{E24C65DC-7377-472B-9ABA-BC803B73C61A}") = "BP", "D:\Sources\Gowtham\Source\BP Master\BP\", "{F0F9CFFF-0D73-4883-8661-1799F53776E6}"
	ProjectSection(WebsiteProperties) = preProject
		TargetFrameworkMoniker = ".NETFramework,Version%3Dv4.8"
		Debug.AspNetCompiler.VirtualPath = "/localhost_64469"
		Debug.AspNetCompiler.PhysicalPath = "D:\Sources\Gowtham\Source\BP Master\BP\"
		Debug.AspNetCompiler.TargetPath = "PrecompiledWeb\localhost_64469\"
		Debug.AspNetCompiler.Updateable = "true"
		Debug.AspNetCompiler.ForceOverwrite = "true"
		Debug.AspNetCompiler.FixedNames = "false"
		Debug.AspNetCompiler.Debug = "True"
		Release.AspNetCompiler.VirtualPath = "/localhost_64469"
		Release.AspNetCompiler.PhysicalPath = "D:\Sources\Gowtham\Source\BP Master\BP\"
		Release.AspNetCompiler.TargetPath = "PrecompiledWeb\localhost_64469\"
		Release.AspNetCompiler.Updateable = "true"
		Release.AspNetCompiler.ForceOverwrite = "true"
		Release.AspNetCompiler.FixedNames = "false"
		Release.AspNetCompiler.Debug = "False"
		VWDPort = "64469"
	EndProjectSection
EndProject
Global
	GlobalSection(SolutionConfigurationPlatforms) = preSolution
		Debug|Any CPU = Debug|Any CPU
	EndGlobalSection
	GlobalSection(ProjectConfigurationPlatforms) = postSolution
		{F0F9CFFF-0D73-4883-8661-1799F53776E6}.Debug|Any CPU.ActiveCfg = Debug|Any CPU
		{F0F9CFFF-0D73-4883-8661-1799F53776E6}.Debug|Any CPU.Build.0 = Debug|Any CPU
	EndGlobalSection
	GlobalSection(SolutionProperties) = preSolution
		HideSolutionNode = FALSE
	EndGlobalSection
	GlobalSection(ExtensibilityGlobals) = postSolution
		SolutionGuid = {12AAB41C-9057-4ABA-AF27-2E35B87BC290}
	EndGlobalSection
EndGlobal
